
Microsoft Visual Studio Solution File, Format Version 12.00
# Visual Studio 15
VisualStudioVersion = 15.0.26228.12
MinimumVisualStudioVersion = 10.0.40219.1
Project("{D954291E-2A0B-460D-934E-DC6B0785DB48}") = "ReactiveUIAroundMe.Shared", "ReactiveUIAroundMe.Shared\ReactiveUIAroundMe.Shared.shproj", "{EE5B2F4A-9592-4FE5-859F-0FD278B3230F}"
EndProject
Project("{FAE04EC0-301F-11D3-BF4B-00C04F79EFBC}") = "ReactiveUIAroundMe.Portable", "ReactiveUIAroundMe.Portable\ReactiveUIAroundMe.Portable.csproj", "{599CB992-E1EC-4DA7-ACBA-083A7FCECAD6}"
EndProject
Project("{FAE04EC0-301F-11D3-BF4B-00C04F79EFBC}") = "ReactiveUIAroundMe.iOS", "ReactiveUIAroundMe.iOS\ReactiveUIAroundMe.iOS.csproj", "{CEB4EBE2-DC13-45FB-84F7-70E5BBACF4BD}"
EndProject
Project("{FAE04EC0-301F-11D3-BF4B-00C04F79EFBC}") = "ReactiveUIAroundMe.Android", "ReactiveUIAroundMe.Android\ReactiveUIAroundMe.Android.csproj", "{F66E40A3-60C6-4311-845C-3D1168AF2612}"
EndProject
Global
	GlobalSection(SharedMSBuildProjectFiles) = preSolution
		XChange.Mobile.Shared\XChange.Mobile.Shared.projitems*{ceb4ebe2-dc13-45fb-84f7-70e5bbacf4bd}*SharedItemsImports = 4
		XChange.Shared\XChange.Shared.projitems*{ceb4ebe2-dc13-45fb-84f7-70e5bbacf4bd}*SharedItemsImports = 4
		XChange.Mobile.Shared\XChange.Mobile.Shared.projitems*{ee5b2f4a-9592-4fe5-859f-0fd278b3230f}*SharedItemsImports = 13
		XChange.Shared\XChange.Shared.projitems*{efdbf72f-7ab2-455f-bcf2-80ba81dcb692}*SharedItemsImports = 13
	EndGlobalSection
	GlobalSection(SolutionConfigurationPlatforms) = preSolution
		Ad-Hoc|Any CPU = Ad-Hoc|Any CPU
		Ad-Hoc|ARM = Ad-Hoc|ARM
		Ad-Hoc|iPhone = Ad-Hoc|iPhone
		Ad-Hoc|iPhoneSimulator = Ad-Hoc|iPhoneSimulator
		Ad-Hoc|Mixed Platforms = Ad-Hoc|Mixed Platforms
		Ad-Hoc|x86 = Ad-Hoc|x86
		AppStore|Any CPU = AppStore|Any CPU
		AppStore|ARM = AppStore|ARM
		AppStore|iPhone = AppStore|iPhone
		AppStore|iPhoneSimulator = AppStore|iPhoneSimulator
		AppStore|Mixed Platforms = AppStore|Mixed Platforms
		AppStore|x86 = AppStore|x86
		Debug|Any CPU = Debug|Any CPU
		Debug|ARM = Debug|ARM
		Debug|iPhone = Debug|iPhone
		Debug|iPhoneSimulator = Debug|iPhoneSimulator
		Debug|Mixed Platforms = Debug|Mixed Platforms
		Debug|x86 = Debug|x86
		iOS Release|Any CPU = iOS Release|Any CPU
		iOS Release|ARM = iOS Release|ARM
		iOS Release|iPhone = iOS Release|iPhone
		iOS Release|iPhoneSimulator = iOS Release|iPhoneSimulator
		iOS Release|Mixed Platforms = iOS Release|Mixed Platforms
		iOS Release|x86 = iOS Release|x86
		Release|Any CPU = Release|Any CPU
		Release|ARM = Release|ARM
		Release|iPhone = Release|iPhone
		Release|iPhoneSimulator = Release|iPhoneSimulator
		Release|Mixed Platforms = Release|Mixed Platforms
		Release|x86 = Release|x86
		Windws|Any CPU = Windws|Any CPU
		Windws|ARM = Windws|ARM
		Windws|iPhone = Windws|iPhone
		Windws|iPhoneSimulator = Windws|iPhoneSimulator
		Windws|Mixed Platforms = Windws|Mixed Platforms
		Windws|x86 = Windws|x86
	EndGlobalSection
	GlobalSection(ProjectConfigurationPlatforms) = postSolution
		{599CB992-E1EC-4DA7-ACBA-083A7FCECAD6}.Ad-Hoc|Any CPU.ActiveCfg = Debug|Any CPU
		{599CB992-E1EC-4DA7-ACBA-083A7FCECAD6}.Ad-Hoc|Any CPU.Build.0 = Debug|Any CPU
		{599CB992-E1EC-4DA7-ACBA-083A7FCECAD6}.Ad-Hoc|ARM.ActiveCfg = Debug|Any CPU
		{599CB992-E1EC-4DA7-ACBA-083A7FCECAD6}.Ad-Hoc|ARM.Build.0 = Debug|Any CPU
		{599CB992-E1EC-4DA7-ACBA-083A7FCECAD6}.Ad-Hoc|iPhone.ActiveCfg = Debug|Any CPU
		{599CB992-E1EC-4DA7-ACBA-083A7FCECAD6}.Ad-Hoc|iPhone.Build.0 = Debug|Any CPU
		{599CB992-E1EC-4DA7-ACBA-083A7FCECAD6}.Ad-Hoc|iPhoneSimulator.ActiveCfg = Debug|Any CPU
		{599CB992-E1EC-4DA7-ACBA-083A7FCECAD6}.Ad-Hoc|iPhoneSimulator.Build.0 = Debug|Any CPU
		{599CB992-E1EC-4DA7-ACBA-083A7FCECAD6}.Ad-Hoc|Mixed Platforms.ActiveCfg = Debug|Any CPU
		{599CB992-E1EC-4DA7-ACBA-083A7FCECAD6}.Ad-Hoc|Mixed Platforms.Build.0 = Debug|Any CPU
		{599CB992-E1EC-4DA7-ACBA-083A7FCECAD6}.Ad-Hoc|x86.ActiveCfg = Debug|Any CPU
		{599CB992-E1EC-4DA7-ACBA-083A7FCECAD6}.Ad-Hoc|x86.Build.0 = Debug|Any CPU
		{599CB992-E1EC-4DA7-ACBA-083A7FCECAD6}.AppStore|Any CPU.ActiveCfg = Debug|Any CPU
		{599CB992-E1EC-4DA7-ACBA-083A7FCECAD6}.AppStore|Any CPU.Build.0 = Debug|Any CPU
		{599CB992-E1EC-4DA7-ACBA-083A7FCECAD6}.AppStore|ARM.ActiveCfg = Debug|Any CPU
		{599CB992-E1EC-4DA7-ACBA-083A7FCECAD6}.AppStore|ARM.Build.0 = Debug|Any CPU
		{599CB992-E1EC-4DA7-ACBA-083A7FCECAD6}.AppStore|iPhone.ActiveCfg = Debug|Any CPU
		{599CB992-E1EC-4DA7-ACBA-083A7FCECAD6}.AppStore|iPhone.Build.0 = Debug|Any CPU
		{599CB992-E1EC-4DA7-ACBA-083A7FCECAD6}.AppStore|iPhoneSimulator.ActiveCfg = Debug|Any CPU
		{599CB992-E1EC-4DA7-ACBA-083A7FCECAD6}.AppStore|iPhoneSimulator.Build.0 = Debug|Any CPU
		{599CB992-E1EC-4DA7-ACBA-083A7FCECAD6}.AppStore|Mixed Platforms.ActiveCfg = Debug|Any CPU
		{599CB992-E1EC-4DA7-ACBA-083A7FCECAD6}.AppStore|Mixed Platforms.Build.0 = Debug|Any CPU
		{599CB992-E1EC-4DA7-ACBA-083A7FCECAD6}.AppStore|x86.ActiveCfg = Debug|Any CPU
		{599CB992-E1EC-4DA7-ACBA-083A7FCECAD6}.AppStore|x86.Build.0 = Debug|Any CPU
		{599CB992-E1EC-4DA7-ACBA-083A7FCECAD6}.Debug|Any CPU.ActiveCfg = Debug|Any CPU
		{599CB992-E1EC-4DA7-ACBA-083A7FCECAD6}.Debug|Any CPU.Build.0 = Debug|Any CPU
		{599CB992-E1EC-4DA7-ACBA-083A7FCECAD6}.Debug|ARM.ActiveCfg = Debug|Any CPU
		{599CB992-E1EC-4DA7-ACBA-083A7FCECAD6}.Debug|ARM.Build.0 = Debug|Any CPU
		{599CB992-E1EC-4DA7-ACBA-083A7FCECAD6}.Debug|iPhone.ActiveCfg = Debug|Any CPU
		{599CB992-E1EC-4DA7-ACBA-083A7FCECAD6}.Debug|iPhone.Build.0 = Debug|Any CPU
		{599CB992-E1EC-4DA7-ACBA-083A7FCECAD6}.Debug|iPhoneSimulator.ActiveCfg = Debug|Any CPU
		{599CB992-E1EC-4DA7-ACBA-083A7FCECAD6}.Debug|iPhoneSimulator.Build.0 = Debug|Any CPU
		{599CB992-E1EC-4DA7-ACBA-083A7FCECAD6}.Debug|Mixed Platforms.ActiveCfg = Debug|Any CPU
		{599CB992-E1EC-4DA7-ACBA-083A7FCECAD6}.Debug|Mixed Platforms.Build.0 = Debug|Any CPU
		{599CB992-E1EC-4DA7-ACBA-083A7FCECAD6}.Debug|x86.ActiveCfg = Debug|Any CPU
		{599CB992-E1EC-4DA7-ACBA-083A7FCECAD6}.Debug|x86.Build.0 = Debug|Any CPU
		{599CB992-E1EC-4DA7-ACBA-083A7FCECAD6}.iOS Release|Any CPU.ActiveCfg = iOS Release|Any CPU
		{599CB992-E1EC-4DA7-ACBA-083A7FCECAD6}.iOS Release|Any CPU.Build.0 = iOS Release|Any CPU
		{599CB992-E1EC-4DA7-ACBA-083A7FCECAD6}.iOS Release|ARM.ActiveCfg = iOS Release|Any CPU
		{599CB992-E1EC-4DA7-ACBA-083A7FCECAD6}.iOS Release|ARM.Build.0 = iOS Release|Any CPU
		{599CB992-E1EC-4DA7-ACBA-083A7FCECAD6}.iOS Release|iPhone.ActiveCfg = iOS Release|Any CPU
		{599CB992-E1EC-4DA7-ACBA-083A7FCECAD6}.iOS Release|iPhone.Build.0 = iOS Release|Any CPU
		{599CB992-E1EC-4DA7-ACBA-083A7FCECAD6}.iOS Release|iPhoneSimulator.ActiveCfg = iOS Release|Any CPU
		{599CB992-E1EC-4DA7-ACBA-083A7FCECAD6}.iOS Release|iPhoneSimulator.Build.0 = iOS Release|Any CPU
		{599CB992-E1EC-4DA7-ACBA-083A7FCECAD6}.iOS Release|Mixed Platforms.ActiveCfg = iOS Release|Any CPU
		{599CB992-E1EC-4DA7-ACBA-083A7FCECAD6}.iOS Release|Mixed Platforms.Build.0 = iOS Release|Any CPU
		{599CB992-E1EC-4DA7-ACBA-083A7FCECAD6}.iOS Release|x86.ActiveCfg = iOS Release|Any CPU
		{599CB992-E1EC-4DA7-ACBA-083A7FCECAD6}.iOS Release|x86.Build.0 = iOS Release|Any CPU
		{599CB992-E1EC-4DA7-ACBA-083A7FCECAD6}.Release|Any CPU.ActiveCfg = Release|Any CPU
		{599CB992-E1EC-4DA7-ACBA-083A7FCECAD6}.Release|Any CPU.Build.0 = Release|Any CPU
		{599CB992-E1EC-4DA7-ACBA-083A7FCECAD6}.Release|ARM.ActiveCfg = Release|Any CPU
		{599CB992-E1EC-4DA7-ACBA-083A7FCECAD6}.Release|ARM.Build.0 = Release|Any CPU
		{599CB992-E1EC-4DA7-ACBA-083A7FCECAD6}.Release|iPhone.ActiveCfg = Release|Any CPU
		{599CB992-E1EC-4DA7-ACBA-083A7FCECAD6}.Release|iPhone.Build.0 = Release|Any CPU
		{599CB992-E1EC-4DA7-ACBA-083A7FCECAD6}.Release|iPhoneSimulator.ActiveCfg = Release|Any CPU
		{599CB992-E1EC-4DA7-ACBA-083A7FCECAD6}.Release|iPhoneSimulator.Build.0 = Release|Any CPU
		{599CB992-E1EC-4DA7-ACBA-083A7FCECAD6}.Release|Mixed Platforms.ActiveCfg = Release|Any CPU
		{599CB992-E1EC-4DA7-ACBA-083A7FCECAD6}.Release|Mixed Platforms.Build.0 = Release|Any CPU
		{599CB992-E1EC-4DA7-ACBA-083A7FCECAD6}.Release|x86.ActiveCfg = Release|Any CPU
		{599CB992-E1EC-4DA7-ACBA-083A7FCECAD6}.Release|x86.Build.0 = Release|Any CPU
		{599CB992-E1EC-4DA7-ACBA-083A7FCECAD6}.Windws|Any CPU.ActiveCfg = Windws|Any CPU
		{599CB992-E1EC-4DA7-ACBA-083A7FCECAD6}.Windws|Any CPU.Build.0 = Windws|Any CPU
		{599CB992-E1EC-4DA7-ACBA-083A7FCECAD6}.Windws|ARM.ActiveCfg = Windws|Any CPU
		{599CB992-E1EC-4DA7-ACBA-083A7FCECAD6}.Windws|ARM.Build.0 = Windws|Any CPU
		{599CB992-E1EC-4DA7-ACBA-083A7FCECAD6}.Windws|iPhone.ActiveCfg = Windws|Any CPU
		{599CB992-E1EC-4DA7-ACBA-083A7FCECAD6}.Windws|iPhone.Build.0 = Windws|Any CPU
		{599CB992-E1EC-4DA7-ACBA-083A7FCECAD6}.Windws|iPhoneSimulator.ActiveCfg = Windws|Any CPU
		{599CB992-E1EC-4DA7-ACBA-083A7FCECAD6}.Windws|iPhoneSimulator.Build.0 = Windws|Any CPU
		{599CB992-E1EC-4DA7-ACBA-083A7FCECAD6}.Windws|Mixed Platforms.ActiveCfg = Windws|Any CPU
		{599CB992-E1EC-4DA7-ACBA-083A7FCECAD6}.Windws|Mixed Platforms.Build.0 = Windws|Any CPU
		{599CB992-E1EC-4DA7-ACBA-083A7FCECAD6}.Windws|x86.ActiveCfg = Windws|Any CPU
		{599CB992-E1EC-4DA7-ACBA-083A7FCECAD6}.Windws|x86.Build.0 = Windws|Any CPU
		{CEB4EBE2-DC13-45FB-84F7-70E5BBACF4BD}.Ad-Hoc|Any CPU.ActiveCfg = Debug|iPhoneSimulator
		{CEB4EBE2-DC13-45FB-84F7-70E5BBACF4BD}.Ad-Hoc|Any CPU.Build.0 = Debug|iPhoneSimulator
		{CEB4EBE2-DC13-45FB-84F7-70E5BBACF4BD}.Ad-Hoc|ARM.ActiveCfg = Debug|iPhoneSimulator
		{CEB4EBE2-DC13-45FB-84F7-70E5BBACF4BD}.Ad-Hoc|ARM.Build.0 = Debug|iPhoneSimulator
		{CEB4EBE2-DC13-45FB-84F7-70E5BBACF4BD}.Ad-Hoc|iPhone.ActiveCfg = Release|iPhone
		{CEB4EBE2-DC13-45FB-84F7-70E5BBACF4BD}.Ad-Hoc|iPhone.Build.0 = Release|iPhone
		{CEB4EBE2-DC13-45FB-84F7-70E5BBACF4BD}.Ad-Hoc|iPhoneSimulator.ActiveCfg = Debug|iPhoneSimulator
		{CEB4EBE2-DC13-45FB-84F7-70E5BBACF4BD}.Ad-Hoc|iPhoneSimulator.Build.0 = Debug|iPhoneSimulator
		{CEB4EBE2-DC13-45FB-84F7-70E5BBACF4BD}.Ad-Hoc|Mixed Platforms.ActiveCfg = Debug|iPhoneSimulator
		{CEB4EBE2-DC13-45FB-84F7-70E5BBACF4BD}.Ad-Hoc|Mixed Platforms.Build.0 = Debug|iPhoneSimulator
		{CEB4EBE2-DC13-45FB-84F7-70E5BBACF4BD}.Ad-Hoc|x86.ActiveCfg = Debug|iPhoneSimulator
		{CEB4EBE2-DC13-45FB-84F7-70E5BBACF4BD}.Ad-Hoc|x86.Build.0 = Debug|iPhoneSimulator
		{CEB4EBE2-DC13-45FB-84F7-70E5BBACF4BD}.AppStore|Any CPU.ActiveCfg = Debug|iPhoneSimulator
		{CEB4EBE2-DC13-45FB-84F7-70E5BBACF4BD}.AppStore|Any CPU.Build.0 = Debug|iPhoneSimulator
		{CEB4EBE2-DC13-45FB-84F7-70E5BBACF4BD}.AppStore|ARM.ActiveCfg = Debug|iPhoneSimulator
		{CEB4EBE2-DC13-45FB-84F7-70E5BBACF4BD}.AppStore|ARM.Build.0 = Debug|iPhoneSimulator
		{CEB4EBE2-DC13-45FB-84F7-70E5BBACF4BD}.AppStore|iPhone.ActiveCfg = Release|iPhone
		{CEB4EBE2-DC13-45FB-84F7-70E5BBACF4BD}.AppStore|iPhone.Build.0 = Release|iPhone
		{CEB4EBE2-DC13-45FB-84F7-70E5BBACF4BD}.AppStore|iPhoneSimulator.ActiveCfg = Debug|iPhoneSimulator
		{CEB4EBE2-DC13-45FB-84F7-70E5BBACF4BD}.AppStore|iPhoneSimulator.Build.0 = Debug|iPhoneSimulator
		{CEB4EBE2-DC13-45FB-84F7-70E5BBACF4BD}.AppStore|Mixed Platforms.ActiveCfg = Debug|iPhoneSimulator
		{CEB4EBE2-DC13-45FB-84F7-70E5BBACF4BD}.AppStore|Mixed Platforms.Build.0 = Debug|iPhoneSimulator
		{CEB4EBE2-DC13-45FB-84F7-70E5BBACF4BD}.AppStore|x86.ActiveCfg = Debug|iPhoneSimulator
		{CEB4EBE2-DC13-45FB-84F7-70E5BBACF4BD}.AppStore|x86.Build.0 = Debug|iPhoneSimulator
		{CEB4EBE2-DC13-45FB-84F7-70E5BBACF4BD}.Debug|Any CPU.ActiveCfg = Debug|iPhoneSimulator
		{CEB4EBE2-DC13-45FB-84F7-70E5BBACF4BD}.Debug|Any CPU.Build.0 = Debug|iPhoneSimulator
		{CEB4EBE2-DC13-45FB-84F7-70E5BBACF4BD}.Debug|ARM.ActiveCfg = Debug|iPhoneSimulator
		{CEB4EBE2-DC13-45FB-84F7-70E5BBACF4BD}.Debug|ARM.Build.0 = Debug|iPhoneSimulator
		{CEB4EBE2-DC13-45FB-84F7-70E5BBACF4BD}.Debug|iPhone.ActiveCfg = Debug|iPhone
		{CEB4EBE2-DC13-45FB-84F7-70E5BBACF4BD}.Debug|iPhone.Build.0 = Debug|iPhone
		{CEB4EBE2-DC13-45FB-84F7-70E5BBACF4BD}.Debug|iPhoneSimulator.ActiveCfg = Debug|iPhoneSimulator
		{CEB4EBE2-DC13-45FB-84F7-70E5BBACF4BD}.Debug|iPhoneSimulator.Build.0 = Debug|iPhoneSimulator
		{CEB4EBE2-DC13-45FB-84F7-70E5BBACF4BD}.Debug|Mixed Platforms.ActiveCfg = Debug|iPhoneSimulator
		{CEB4EBE2-DC13-45FB-84F7-70E5BBACF4BD}.Debug|Mixed Platforms.Build.0 = Debug|iPhoneSimulator
		{CEB4EBE2-DC13-45FB-84F7-70E5BBACF4BD}.Debug|x86.ActiveCfg = Debug|iPhoneSimulator
		{CEB4EBE2-DC13-45FB-84F7-70E5BBACF4BD}.Debug|x86.Build.0 = Debug|iPhoneSimulator
		{CEB4EBE2-DC13-45FB-84F7-70E5BBACF4BD}.iOS Release|Any CPU.ActiveCfg = iOS Release|Any CPU
		{CEB4EBE2-DC13-45FB-84F7-70E5BBACF4BD}.iOS Release|Any CPU.Build.0 = iOS Release|Any CPU
		{CEB4EBE2-DC13-45FB-84F7-70E5BBACF4BD}.iOS Release|ARM.ActiveCfg = iOS Release|Any CPU
		{CEB4EBE2-DC13-45FB-84F7-70E5BBACF4BD}.iOS Release|ARM.Build.0 = iOS Release|Any CPU
		{CEB4EBE2-DC13-45FB-84F7-70E5BBACF4BD}.iOS Release|iPhone.ActiveCfg = iOS Release|Any CPU
		{CEB4EBE2-DC13-45FB-84F7-70E5BBACF4BD}.iOS Release|iPhone.Build.0 = iOS Release|Any CPU
		{CEB4EBE2-DC13-45FB-84F7-70E5BBACF4BD}.iOS Release|iPhoneSimulator.ActiveCfg = iOS Release|Any CPU
		{CEB4EBE2-DC13-45FB-84F7-70E5BBACF4BD}.iOS Release|iPhoneSimulator.Build.0 = iOS Release|Any CPU
		{CEB4EBE2-DC13-45FB-84F7-70E5BBACF4BD}.iOS Release|Mixed Platforms.ActiveCfg = iOS Release|Any CPU
		{CEB4EBE2-DC13-45FB-84F7-70E5BBACF4BD}.iOS Release|Mixed Platforms.Build.0 = iOS Release|Any CPU
		{CEB4EBE2-DC13-45FB-84F7-70E5BBACF4BD}.iOS Release|x86.ActiveCfg = iOS Release|Any CPU
		{CEB4EBE2-DC13-45FB-84F7-70E5BBACF4BD}.iOS Release|x86.Build.0 = iOS Release|Any CPU
		{CEB4EBE2-DC13-45FB-84F7-70E5BBACF4BD}.Release|Any CPU.ActiveCfg = Release|iPhone
		{CEB4EBE2-DC13-45FB-84F7-70E5BBACF4BD}.Release|Any CPU.Build.0 = Release|iPhone
		{CEB4EBE2-DC13-45FB-84F7-70E5BBACF4BD}.Release|ARM.ActiveCfg = Release|iPhone
		{CEB4EBE2-DC13-45FB-84F7-70E5BBACF4BD}.Release|ARM.Build.0 = Release|iPhone
		{CEB4EBE2-DC13-45FB-84F7-70E5BBACF4BD}.Release|iPhone.ActiveCfg = Release|iPhone
		{CEB4EBE2-DC13-45FB-84F7-70E5BBACF4BD}.Release|iPhone.Build.0 = Release|iPhone
		{CEB4EBE2-DC13-45FB-84F7-70E5BBACF4BD}.Release|iPhoneSimulator.ActiveCfg = Release|iPhoneSimulator
		{CEB4EBE2-DC13-45FB-84F7-70E5BBACF4BD}.Release|iPhoneSimulator.Build.0 = Release|iPhoneSimulator
		{CEB4EBE2-DC13-45FB-84F7-70E5BBACF4BD}.Release|Mixed Platforms.ActiveCfg = Release|iPhone
		{CEB4EBE2-DC13-45FB-84F7-70E5BBACF4BD}.Release|Mixed Platforms.Build.0 = Release|iPhone
		{CEB4EBE2-DC13-45FB-84F7-70E5BBACF4BD}.Release|x86.ActiveCfg = Release|iPhone
		{CEB4EBE2-DC13-45FB-84F7-70E5BBACF4BD}.Release|x86.Build.0 = Release|iPhone
		{CEB4EBE2-DC13-45FB-84F7-70E5BBACF4BD}.Windws|Any CPU.ActiveCfg = Windws|iPhoneSimulator
		{CEB4EBE2-DC13-45FB-84F7-70E5BBACF4BD}.Windws|Any CPU.Build.0 = Windws|iPhoneSimulator
		{CEB4EBE2-DC13-45FB-84F7-70E5BBACF4BD}.Windws|ARM.ActiveCfg = Windws|iPhoneSimulator
		{CEB4EBE2-DC13-45FB-84F7-70E5BBACF4BD}.Windws|ARM.Build.0 = Windws|iPhoneSimulator
		{CEB4EBE2-DC13-45FB-84F7-70E5BBACF4BD}.Windws|iPhone.ActiveCfg = Windws|iPhone
		{CEB4EBE2-DC13-45FB-84F7-70E5BBACF4BD}.Windws|iPhone.Build.0 = Windws|iPhone
		{CEB4EBE2-DC13-45FB-84F7-70E5BBACF4BD}.Windws|iPhoneSimulator.ActiveCfg = Windws|iPhoneSimulator
		{CEB4EBE2-DC13-45FB-84F7-70E5BBACF4BD}.Windws|iPhoneSimulator.Build.0 = Windws|iPhoneSimulator
		{CEB4EBE2-DC13-45FB-84F7-70E5BBACF4BD}.Windws|Mixed Platforms.ActiveCfg = Windws|iPhoneSimulator
		{CEB4EBE2-DC13-45FB-84F7-70E5BBACF4BD}.Windws|Mixed Platforms.Build.0 = Windws|iPhoneSimulator
		{CEB4EBE2-DC13-45FB-84F7-70E5BBACF4BD}.Windws|x86.ActiveCfg = Windws|iPhoneSimulator
		{CEB4EBE2-DC13-45FB-84F7-70E5BBACF4BD}.Windws|x86.Build.0 = Windws|iPhoneSimulator
		{F66E40A3-60C6-4311-845C-3D1168AF2612}.Ad-Hoc|Any CPU.ActiveCfg = Debug|Any CPU
		{F66E40A3-60C6-4311-845C-3D1168AF2612}.Ad-Hoc|Any CPU.Build.0 = Debug|Any CPU
		{F66E40A3-60C6-4311-845C-3D1168AF2612}.Ad-Hoc|ARM.ActiveCfg = Debug|Any CPU
		{F66E40A3-60C6-4311-845C-3D1168AF2612}.Ad-Hoc|ARM.Build.0 = Debug|Any CPU
		{F66E40A3-60C6-4311-845C-3D1168AF2612}.Ad-Hoc|iPhone.ActiveCfg = Release|Any CPU
		{F66E40A3-60C6-4311-845C-3D1168AF2612}.Ad-Hoc|iPhone.Build.0 = Release|Any CPU
		{F66E40A3-60C6-4311-845C-3D1168AF2612}.Ad-Hoc|iPhoneSimulator.ActiveCfg = Debug|Any CPU
		{F66E40A3-60C6-4311-845C-3D1168AF2612}.Ad-Hoc|iPhoneSimulator.Build.0 = Debug|Any CPU
		{F66E40A3-60C6-4311-845C-3D1168AF2612}.Ad-Hoc|Mixed Platforms.ActiveCfg = Debug|Any CPU
		{F66E40A3-60C6-4311-845C-3D1168AF2612}.Ad-Hoc|Mixed Platforms.Build.0 = Debug|Any CPU
		{F66E40A3-60C6-4311-845C-3D1168AF2612}.Ad-Hoc|x86.ActiveCfg = Debug|Any CPU
		{F66E40A3-60C6-4311-845C-3D1168AF2612}.Ad-Hoc|x86.Build.0 = Debug|Any CPU
		{F66E40A3-60C6-4311-845C-3D1168AF2612}.AppStore|Any CPU.ActiveCfg = Debug|Any CPU
		{F66E40A3-60C6-4311-845C-3D1168AF2612}.AppStore|Any CPU.Build.0 = Debug|Any CPU
		{F66E40A3-60C6-4311-845C-3D1168AF2612}.AppStore|ARM.ActiveCfg = Debug|Any CPU
		{F66E40A3-60C6-4311-845C-3D1168AF2612}.AppStore|ARM.Build.0 = Debug|Any CPU
		{F66E40A3-60C6-4311-845C-3D1168AF2612}.AppStore|iPhone.ActiveCfg = Release|Any CPU
		{F66E40A3-60C6-4311-845C-3D1168AF2612}.AppStore|iPhone.Build.0 = Release|Any CPU
		{F66E40A3-60C6-4311-845C-3D1168AF2612}.AppStore|iPhoneSimulator.ActiveCfg = Debug|Any CPU
		{F66E40A3-60C6-4311-845C-3D1168AF2612}.AppStore|iPhoneSimulator.Build.0 = Debug|Any CPU
		{F66E40A3-60C6-4311-845C-3D1168AF2612}.AppStore|Mixed Platforms.ActiveCfg = Debug|Any CPU
		{F66E40A3-60C6-4311-845C-3D1168AF2612}.AppStore|Mixed Platforms.Build.0 = Debug|Any CPU
		{F66E40A3-60C6-4311-845C-3D1168AF2612}.AppStore|x86.ActiveCfg = Debug|Any CPU
		{F66E40A3-60C6-4311-845C-3D1168AF2612}.AppStore|x86.Build.0 = Debug|Any CPU
		{F66E40A3-60C6-4311-845C-3D1168AF2612}.Debug|Any CPU.ActiveCfg = Debug|Any CPU
		{F66E40A3-60C6-4311-845C-3D1168AF2612}.Debug|Any CPU.Build.0 = Debug|Any CPU
		{F66E40A3-60C6-4311-845C-3D1168AF2612}.Debug|ARM.ActiveCfg = Debug|Any CPU
		{F66E40A3-60C6-4311-845C-3D1168AF2612}.Debug|ARM.Build.0 = Debug|Any CPU
		{F66E40A3-60C6-4311-845C-3D1168AF2612}.Debug|iPhone.ActiveCfg = Debug|Any CPU
		{F66E40A3-60C6-4311-845C-3D1168AF2612}.Debug|iPhone.Build.0 = Debug|Any CPU
		{F66E40A3-60C6-4311-845C-3D1168AF2612}.Debug|iPhoneSimulator.ActiveCfg = Debug|Any CPU
		{F66E40A3-60C6-4311-845C-3D1168AF2612}.Debug|iPhoneSimulator.Build.0 = Debug|Any CPU
		{F66E40A3-60C6-4311-845C-3D1168AF2612}.Debug|Mixed Platforms.ActiveCfg = Debug|Any CPU
		{F66E40A3-60C6-4311-845C-3D1168AF2612}.Debug|Mixed Platforms.Build.0 = Debug|Any CPU
		{F66E40A3-60C6-4311-845C-3D1168AF2612}.Debug|x86.ActiveCfg = Debug|Any CPU
		{F66E40A3-60C6-4311-845C-3D1168AF2612}.Debug|x86.Build.0 = Debug|Any CPU
		{F66E40A3-60C6-4311-845C-3D1168AF2612}.iOS Release|Any CPU.ActiveCfg = Release|Any CPU
		{F66E40A3-60C6-4311-845C-3D1168AF2612}.iOS Release|Any CPU.Build.0 = Release|Any CPU
		{F66E40A3-60C6-4311-845C-3D1168AF2612}.iOS Release|ARM.ActiveCfg = Release|Any CPU
		{F66E40A3-60C6-4311-845C-3D1168AF2612}.iOS Release|ARM.Build.0 = Release|Any CPU
		{F66E40A3-60C6-4311-845C-3D1168AF2612}.iOS Release|iPhone.ActiveCfg = Release|Any CPU
		{F66E40A3-60C6-4311-845C-3D1168AF2612}.iOS Release|iPhone.Build.0 = Release|Any CPU
		{F66E40A3-60C6-4311-845C-3D1168AF2612}.iOS Release|iPhoneSimulator.ActiveCfg = Release|Any CPU
		{F66E40A3-60C6-4311-845C-3D1168AF2612}.iOS Release|iPhoneSimulator.Build.0 = Release|Any CPU
		{F66E40A3-60C6-4311-845C-3D1168AF2612}.iOS Release|Mixed Platforms.ActiveCfg = Release|Any CPU
		{F66E40A3-60C6-4311-845C-3D1168AF2612}.iOS Release|Mixed Platforms.Build.0 = Release|Any CPU
		{F66E40A3-60C6-4311-845C-3D1168AF2612}.iOS Release|x86.ActiveCfg = Release|Any CPU
		{F66E40A3-60C6-4311-845C-3D1168AF2612}.iOS Release|x86.Build.0 = Release|Any CPU
		{F66E40A3-60C6-4311-845C-3D1168AF2612}.Release|Any CPU.ActiveCfg = Release|Any CPU
		{F66E40A3-60C6-4311-845C-3D1168AF2612}.Release|Any CPU.Build.0 = Release|Any CPU
		{F66E40A3-60C6-4311-845C-3D1168AF2612}.Release|ARM.ActiveCfg = Release|Any CPU
		{F66E40A3-60C6-4311-845C-3D1168AF2612}.Release|ARM.Build.0 = Release|Any CPU
		{F66E40A3-60C6-4311-845C-3D1168AF2612}.Release|iPhone.ActiveCfg = Release|Any CPU
		{F66E40A3-60C6-4311-845C-3D1168AF2612}.Release|iPhone.Build.0 = Release|Any CPU
		{F66E40A3-60C6-4311-845C-3D1168AF2612}.Release|iPhoneSimulator.ActiveCfg = Release|Any CPU
		{F66E40A3-60C6-4311-845C-3D1168AF2612}.Release|iPhoneSimulator.Build.0 = Release|Any CPU
		{F66E40A3-60C6-4311-845C-3D1168AF2612}.Release|Mixed Platforms.ActiveCfg = Release|Any CPU
		{F66E40A3-60C6-4311-845C-3D1168AF2612}.Release|Mixed Platforms.Build.0 = Release|Any CPU
		{F66E40A3-60C6-4311-845C-3D1168AF2612}.Release|x86.ActiveCfg = Release|Any CPU
		{F66E40A3-60C6-4311-845C-3D1168AF2612}.Release|x86.Build.0 = Release|Any CPU
		{F66E40A3-60C6-4311-845C-3D1168AF2612}.Windws|Any CPU.ActiveCfg = Debug|Any CPU
		{F66E40A3-60C6-4311-845C-3D1168AF2612}.Windws|Any CPU.Build.0 = Debug|Any CPU
		{F66E40A3-60C6-4311-845C-3D1168AF2612}.Windws|ARM.ActiveCfg = Debug|Any CPU
		{F66E40A3-60C6-4311-845C-3D1168AF2612}.Windws|ARM.Build.0 = Debug|Any CPU
		{F66E40A3-60C6-4311-845C-3D1168AF2612}.Windws|iPhone.ActiveCfg = Debug|Any CPU
		{F66E40A3-60C6-4311-845C-3D1168AF2612}.Windws|iPhone.Build.0 = Debug|Any CPU
		{F66E40A3-60C6-4311-845C-3D1168AF2612}.Windws|iPhoneSimulator.ActiveCfg = Debug|Any CPU
		{F66E40A3-60C6-4311-845C-3D1168AF2612}.Windws|iPhoneSimulator.Build.0 = Debug|Any CPU
		{F66E40A3-60C6-4311-845C-3D1168AF2612}.Windws|Mixed Platforms.ActiveCfg = Debug|Any CPU
		{F66E40A3-60C6-4311-845C-3D1168AF2612}.Windws|Mixed Platforms.Build.0 = Debug|Any CPU
		{F66E40A3-60C6-4311-845C-3D1168AF2612}.Windws|x86.ActiveCfg = Debug|Any CPU
		{F66E40A3-60C6-4311-845C-3D1168AF2612}.Windws|x86.Build.0 = Debug|Any CPU
	EndGlobalSection
	GlobalSection(SolutionProperties) = preSolution
		HideSolutionNode = FALSE
	EndGlobalSection
	GlobalSection(NestedProjects) = preSolution
	EndGlobalSection
EndGlobal
